PODS:
  - Capacitor (5.6.0):
    - CapacitorCordova
  - CapacitorBrowser (5.1.0):
    - Capacitor
  - CapacitorCordova (5.6.0)
  - CapacitorSplashScreen (5.0.6):
    - Capacitor
  - CapawesomeTeamCapacitorNfc (5.0.2-dev.fb0564b.1704882185):
    - Capacitor

DEPENDENCIES:
  - "Capacitor (from `../../node_modules/@capacitor/ios`)"
  - "CapacitorBrowser (from `../../node_modules/@capacitor/browser`)"
  - "CapacitorCordova (from `../../node_modules/@capacitor/ios`)"
  - "CapacitorSplashScreen (from `../../node_modules/@capacitor/splash-screen`)"
  - "CapawesomeTeamCapacitorNfc (from `../../node_modules/@capawesome-team/capacitor-nfc`)"

EXTERNAL SOURCES:
  Capacitor:
    :path: "../../node_modules/@capacitor/ios"
  CapacitorBrowser:
    :path: "../../node_modules/@capacitor/browser"
  CapacitorCordova:
    :path: "../../node_modules/@capacitor/ios"
  CapacitorSplashScreen:
    :path: "../../node_modules/@capacitor/splash-screen"
  CapawesomeTeamCapacitorNfc:
    :path: "../../node_modules/@capawesome-team/capacitor-nfc"

SPEC CHECKSUMS:
  Capacitor: ebfc16cdb8116d04c101686b080342872da42d43
  CapacitorBrowser: 31371ef981e378cb592be8cc203a9a4cbf43c486
  CapacitorCordova: 931b48fcdbc9bc985fc2f16cec9f77c794a27729
  CapacitorSplashScreen: f3c7de5468a52893e90f49d033772984270241b4
  CapawesomeTeamCapacitorNfc: 0c6ef664f1cc86950588e8b9d451165d73675938

PODFILE CHECKSUM: f298f1ef898d7681451242f1f1dc835bef1869a3

COCOAPODS: 1.15.2
